// !$*UTF8*$!
{
	archiveVersion = 1;
	classes = {
	};
	objectVersion = 56;
	objects = {

/* Begin PBXBuildFile section */
		7E494F082C20740700348190 /* HealM3App.swift in Sources */ = {isa = PBXBuildFile; fileRef = 7E494F072C20740700348190 /* HealM3App.swift */; };
		7E494F0A2C20740700348190 /* ContentView.swift in Sources */ = {isa = PBXBuildFile; fileRef = 7E494F092C20740700348190 /* ContentView.swift */; };
		7E494F0C2C20740800348190 /* Assets.xcassets in Resources */ = {isa = PBXBuildFile; fileRef = 7E494F0B2C20740800348190 /* Assets.xcassets */; };
		7E494F0F2C20740800348190 /* Preview Assets.xcassets in Resources */ = {isa = PBXBuildFile; fileRef = 7E494F0E2C20740800348190 /* Preview Assets.xcassets */; };
		7E494F1F2C207DBC00348190 /* LoginView.swift in Sources */ = {isa = PBXBuildFile; fileRef = 7E494F1E2C207DBC00348190 /* LoginView.swift */; };
		7E494F212C2088BC00348190 /* BackgroundColor.swift in Sources */ = {isa = PBXBuildFile; fileRef = 7E494F202C2088BC00348190 /* BackgroundColor.swift */; };
		7E494F232C208A4100348190 /* TxtField.swift in Sources */ = {isa = PBXBuildFile; fileRef = 7E494F222C208A4100348190 /* TxtField.swift */; };
		7E494F252C208C5E00348190 /* inputTypes.swift in Sources */ = {isa = PBXBuildFile; fileRef = 7E494F242C208C5E00348190 /* inputTypes.swift */; };
		7E494F272C2095AD00348190 /* NavLinks.swift in Sources */ = {isa = PBXBuildFile; fileRef = 7E494F262C2095AD00348190 /* NavLinks.swift */; };
		7E494F292C20A9E800348190 /* SignupView.swift in Sources */ = {isa = PBXBuildFile; fileRef = 7E494F282C20A9E800348190 /* SignupView.swift */; };
		7E494F2B2C20B10C00348190 /* PasswordView.swift in Sources */ = {isa = PBXBuildFile; fileRef = 7E494F2A2C20B10C00348190 /* PasswordView.swift */; };
		7E494F2D2C20B74500348190 /* InitialView.swift in Sources */ = {isa = PBXBuildFile; fileRef = 7E494F2C2C20B74500348190 /* InitialView.swift */; };
		7E494F2F2C2174C600348190 /* HomeView.swift in Sources */ = {isa = PBXBuildFile; fileRef = 7E494F2E2C2174C600348190 /* HomeView.swift */; };
		7E494F312C21845E00348190 /* AlbumCard.swift in Sources */ = {isa = PBXBuildFile; fileRef = 7E494F302C21845E00348190 /* AlbumCard.swift */; };
		7E494F332C21918E00348190 /* TabBarView.swift in Sources */ = {isa = PBXBuildFile; fileRef = 7E494F322C21918E00348190 /* TabBarView.swift */; };
		7E494F352C21A35300348190 /* WishlistView.swift in Sources */ = {isa = PBXBuildFile; fileRef = 7E494F342C21A35300348190 /* WishlistView.swift */; };
		7E494F372C21A3BA00348190 /* ProfileView.swift in Sources */ = {isa = PBXBuildFile; fileRef = 7E494F362C21A3B900348190 /* ProfileView.swift */; };
		7E494F392C21A75700348190 /* AddPlaylistView.swift in Sources */ = {isa = PBXBuildFile; fileRef = 7E494F382C21A75700348190 /* AddPlaylistView.swift */; };
		7E494F3B2C240AA000348190 /* MusicCard.swift in Sources */ = {isa = PBXBuildFile; fileRef = 7E494F3A2C240AA000348190 /* MusicCard.swift */; };
		7E494F3D2C2416D100348190 /* AlbumSongView.swift in Sources */ = {isa = PBXBuildFile; fileRef = 7E494F3C2C2416D100348190 /* AlbumSongView.swift */; };
		7E494F3F2C243A3B00348190 /* AddSongView.swift in Sources */ = {isa = PBXBuildFile; fileRef = 7E494F3E2C243A3B00348190 /* AddSongView.swift */; };
		7E494F412C2576A600348190 /* EachSongView.swift in Sources */ = {isa = PBXBuildFile; fileRef = 7E494F402C2576A600348190 /* EachSongView.swift */; };
		7E494F432C257A4700348190 /* EachSongCard.swift in Sources */ = {isa = PBXBuildFile; fileRef = 7E494F422C257A4700348190 /* EachSongCard.swift */; };
		7E494F452C25B5E600348190 /* DetaliLabel.swift in Sources */ = {isa = PBXBuildFile; fileRef = 7E494F442C25B5E600348190 /* DetaliLabel.swift */; };
		7E494F4A2C25EB8E00348190 /* FirebaseAnalytics in Frameworks */ = {isa = PBXBuildFile; productRef = 7E494F492C25EB8E00348190 /* FirebaseAnalytics */; };
		7E494F4C2C25EB8E00348190 /* FirebaseAnalyticsSwift in Frameworks */ = {isa = PBXBuildFile; productRef = 7E494F4B2C25EB8E00348190 /* FirebaseAnalyticsSwift */; };
		7E494F4E2C25EB8E00348190 /* FirebaseAuth in Frameworks */ = {isa = PBXBuildFile; productRef = 7E494F4D2C25EB8E00348190 /* FirebaseAuth */; };
		7E494F502C25EB8E00348190 /* FirebaseDatabase in Frameworks */ = {isa = PBXBuildFile; productRef = 7E494F4F2C25EB8E00348190 /* FirebaseDatabase */; };
		7E494F522C25EB8E00348190 /* FirebaseDatabaseSwift in Frameworks */ = {isa = PBXBuildFile; productRef = 7E494F512C25EB8E00348190 /* FirebaseDatabaseSwift */; };
		7E494F542C25EB8E00348190 /* FirebaseDynamicLinks in Frameworks */ = {isa = PBXBuildFile; productRef = 7E494F532C25EB8E00348190 /* FirebaseDynamicLinks */; };
		7E494F562C25EB8E00348190 /* FirebaseFirestore in Frameworks */ = {isa = PBXBuildFile; productRef = 7E494F552C25EB8E00348190 /* FirebaseFirestore */; };
		7E494F582C25EB8E00348190 /* FirebaseFirestoreSwift in Frameworks */ = {isa = PBXBuildFile; productRef = 7E494F572C25EB8E00348190 /* FirebaseFirestoreSwift */; };
		7E494F5A2C25EB8E00348190 /* FirebaseStorage in Frameworks */ = {isa = PBXBuildFile; productRef = 7E494F592C25EB8E00348190 /* FirebaseStorage */; };
		7E494F5C2C25F34B00348190 /* NetworkManager.swift in Sources */ = {isa = PBXBuildFile; fileRef = 7E494F5B2C25F34B00348190 /* NetworkManager.swift */; };
		7E494F5E2C26012B00348190 /* SignInEmailVM.swift in Sources */ = {isa = PBXBuildFile; fileRef = 7E494F5D2C26012B00348190 /* SignInEmailVM.swift */; };
		7E494F612C2602B400348190 /* Responses.swift in Sources */ = {isa = PBXBuildFile; fileRef = 7E494F602C2602B400348190 /* Responses.swift */; };
		7E494F632C2627BA00348190 /* GoogleService-Info.plist in Resources */ = {isa = PBXBuildFile; fileRef = 7E494F622C2627BA00348190 /* GoogleService-Info.plist */; };
		7E494F672C26A94100348190 /* RootView.swift in Sources */ = {isa = PBXBuildFile; fileRef = 7E494F662C26A94000348190 /* RootView.swift */; };
		7E494F6F2C29642200348190 /* DataModels.swift in Sources */ = {isa = PBXBuildFile; fileRef = 7E494F6E2C29642200348190 /* DataModels.swift */; };
		7E494F712C2C49F000348190 /* DocumentPickerWrapper.swift in Sources */ = {isa = PBXBuildFile; fileRef = 7E494F702C2C49F000348190 /* DocumentPickerWrapper.swift */; };
/* End PBXBuildFile section */

/* Begin PBXFileReference section */
		7E494F042C20740700348190 /* HealM3.app */ = {isa = PBXFileReference; explicitFileType = wrapper.application; includeInIndex = 0; path = HealM3.app; sourceTree = BUILT_PRODUCTS_DIR; };
		7E494F072C20740700348190 /* HealM3App.swift */ = {isa = PBXFileReference; lastKnownFileType = sourcecode.swift; path = HealM3App.swift; sourceTree = "<group>"; };
		7E494F092C20740700348190 /* ContentView.swift */ = {isa = PBXFileReference; lastKnownFileType = sourcecode.swift; path = ContentView.swift; sourceTree = "<group>"; };
		7E494F0B2C20740800348190 /* Assets.xcassets */ = {isa = PBXFileReference; lastKnownFileType = folder.assetcatalog; path = Assets.xcassets; sourceTree = "<group>"; };
		7E494F0E2C20740800348190 /* Preview Assets.xcassets */ = {isa = PBXFileReference; lastKnownFileType = folder.assetcatalog; path = "Preview Assets.xcassets"; sourceTree = "<group>"; };
		7E494F1E2C207DBC00348190 /* LoginView.swift */ = {isa = PBXFileReference; lastKnownFileType = sourcecode.swift; path = LoginView.swift; sourceTree = "<group>"; };
		7E494F202C2088BC00348190 /* BackgroundColor.swift */ = {isa = PBXFileReference; lastKnownFileType = sourcecode.swift; path = BackgroundColor.swift; sourceTree = "<group>"; };
		7E494F222C208A4100348190 /* TxtField.swift */ = {isa = PBXFileReference; lastKnownFileType = sourcecode.swift; path = TxtField.swift; sourceTree = "<group>"; };
		7E494F242C208C5E00348190 /* inputTypes.swift */ = {isa = PBXFileReference; lastKnownFileType = sourcecode.swift; path = inputTypes.swift; sourceTree = "<group>"; };
		7E494F262C2095AD00348190 /* NavLinks.swift */ = {isa = PBXFileReference; lastKnownFileType = sourcecode.swift; path = NavLinks.swift; sourceTree = "<group>"; };
		7E494F282C20A9E800348190 /* SignupView.swift */ = {isa = PBXFileReference; lastKnownFileType = sourcecode.swift; path = SignupView.swift; sourceTree = "<group>"; };
		7E494F2A2C20B10C00348190 /* PasswordView.swift */ = {isa = PBXFileReference; lastKnownFileType = sourcecode.swift; path = PasswordView.swift; sourceTree = "<group>"; };
		7E494F2C2C20B74500348190 /* InitialView.swift */ = {isa = PBXFileReference; lastKnownFileType = sourcecode.swift; path = InitialView.swift; sourceTree = "<group>"; };
		7E494F2E2C2174C600348190 /* HomeView.swift */ = {isa = PBXFileReference; lastKnownFileType = sourcecode.swift; path = HomeView.swift; sourceTree = "<group>"; };
		7E494F302C21845E00348190 /* AlbumCard.swift */ = {isa = PBXFileReference; lastKnownFileType = sourcecode.swift; path = AlbumCard.swift; sourceTree = "<group>"; };
		7E494F322C21918E00348190 /* TabBarView.swift */ = {isa = PBXFileReference; lastKnownFileType = sourcecode.swift; path = TabBarView.swift; sourceTree = "<group>"; };
		7E494F342C21A35300348190 /* WishlistView.swift */ = {isa = PBXFileReference; lastKnownFileType = sourcecode.swift; path = WishlistView.swift; sourceTree = "<group>"; };
		7E494F362C21A3B900348190 /* ProfileView.swift */ = {isa = PBXFileReference; lastKnownFileType = sourcecode.swift; path = ProfileView.swift; sourceTree = "<group>"; };
		7E494F382C21A75700348190 /* AddPlaylistView.swift */ = {isa = PBXFileReference; lastKnownFileType = sourcecode.swift; path = AddPlaylistView.swift; sourceTree = "<group>"; };
		7E494F3A2C240AA000348190 /* MusicCard.swift */ = {isa = PBXFileReference; lastKnownFileType = sourcecode.swift; path = MusicCard.swift; sourceTree = "<group>"; };
		7E494F3C2C2416D100348190 /* AlbumSongView.swift */ = {isa = PBXFileReference; lastKnownFileType = sourcecode.swift; path = AlbumSongView.swift; sourceTree = "<group>"; };
		7E494F3E2C243A3B00348190 /* AddSongView.swift */ = {isa = PBXFileReference; lastKnownFileType = sourcecode.swift; path = AddSongView.swift; sourceTree = "<group>"; };
		7E494F402C2576A600348190 /* EachSongView.swift */ = {isa = PBXFileReference; lastKnownFileType = sourcecode.swift; path = EachSongView.swift; sourceTree = "<group>"; };
		7E494F422C257A4700348190 /* EachSongCard.swift */ = {isa = PBXFileReference; lastKnownFileType = sourcecode.swift; path = EachSongCard.swift; sourceTree = "<group>"; };
		7E494F442C25B5E600348190 /* DetaliLabel.swift */ = {isa = PBXFileReference; lastKnownFileType = sourcecode.swift; path = DetaliLabel.swift; sourceTree = "<group>"; };
		7E494F5B2C25F34B00348190 /* NetworkManager.swift */ = {isa = PBXFileReference; lastKnownFileType = sourcecode.swift; path = NetworkManager.swift; sourceTree = "<group>"; };
		7E494F5D2C26012B00348190 /* SignInEmailVM.swift */ = {isa = PBXFileReference; lastKnownFileType = sourcecode.swift; path = SignInEmailVM.swift; sourceTree = "<group>"; };
		7E494F602C2602B400348190 /* Responses.swift */ = {isa = PBXFileReference; lastKnownFileType = sourcecode.swift; path = Responses.swift; sourceTree = "<group>"; };
		7E494F622C2627BA00348190 /* GoogleService-Info.plist */ = {isa = PBXFileReference; fileEncoding = 4; lastKnownFileType = text.plist.xml; path = "GoogleService-Info.plist"; sourceTree = "<group>"; };
		7E494F662C26A94000348190 /* RootView.swift */ = {isa = PBXFileReference; lastKnownFileType = sourcecode.swift; path = RootView.swift; sourceTree = "<group>"; };
		7E494F6E2C29642200348190 /* DataModels.swift */ = {isa = PBXFileReference; lastKnownFileType = sourcecode.swift; path = DataModels.swift; sourceTree = "<group>"; };
		7E494F702C2C49F000348190 /* DocumentPickerWrapper.swift */ = {isa = PBXFileReference; lastKnownFileType = sourcecode.swift; path = DocumentPickerWrapper.swift; sourceTree = "<group>"; };
/* End PBXFileReference section */

/* Begin PBXFrameworksBuildPhase section */
		7E494F012C20740700348190 /* Frameworks */ = {
			isa = PBXFrameworksBuildPhase;
			buildActionMask = 2147483647;
			files = (
				7E494F522C25EB8E00348190 /* FirebaseDatabaseSwift in Frameworks */,
				7E494F4C2C25EB8E00348190 /* FirebaseAnalyticsSwift in Frameworks */,
				7E494F5A2C25EB8E00348190 /* FirebaseStorage in Frameworks */,
				7E494F4E2C25EB8E00348190 /* FirebaseAuth in Frameworks */,
				7E494F502C25EB8E00348190 /* FirebaseDatabase in Frameworks */,
				7E494F4A2C25EB8E00348190 /* FirebaseAnalytics in Frameworks */,
				7E494F542C25EB8E00348190 /* FirebaseDynamicLinks in Frameworks */,
				7E494F562C25EB8E00348190 /* FirebaseFirestore in Frameworks */,
				7E494F582C25EB8E00348190 /* FirebaseFirestoreSwift in Frameworks */,
			);
			runOnlyForDeploymentPostprocessing = 0;
		};
/* End PBXFrameworksBuildPhase section */

/* Begin PBXGroup section */
		7E494EFB2C20740700348190 = {
			isa = PBXGroup;
			children = (
				7E494F062C20740700348190 /* HealM3 */,
				7E494F052C20740700348190 /* Products */,
			);
			sourceTree = "<group>";
		};
		7E494F052C20740700348190 /* Products */ = {
			isa = PBXGroup;
			children = (
				7E494F042C20740700348190 /* HealM3.app */,
			);
			name = Products;
			sourceTree = "<group>";
		};
		7E494F062C20740700348190 /* HealM3 */ = {
			isa = PBXGroup;
			children = (
				7E494F182C20757700348190 /* Controllers */,
				7E494F1B2C2075D300348190 /* Views */,
				7E494F1A2C2075A600348190 /* Models */,
				7E494F152C20748B00348190 /* Components */,
				7E494F162C2074A700348190 /* Helpers */,
				7E494F072C20740700348190 /* HealM3App.swift */,
				7E494F092C20740700348190 /* ContentView.swift */,
				7E494F622C2627BA00348190 /* GoogleService-Info.plist */,
				7E494F0B2C20740800348190 /* Assets.xcassets */,
				7E494F0D2C20740800348190 /* Preview Content */,
			);
			path = HealM3;
			sourceTree = "<group>";
		};
		7E494F0D2C20740800348190 /* Preview Content */ = {
			isa = PBXGroup;
			children = (
				7E494F0E2C20740800348190 /* Preview Assets.xcassets */,
			);
			path = "Preview Content";
			sourceTree = "<group>";
		};
		7E494F152C20748B00348190 /* Components */ = {
			isa = PBXGroup;
			children = (
				7E494F222C208A4100348190 /* TxtField.swift */,
				7E494F262C2095AD00348190 /* NavLinks.swift */,
				7E494F302C21845E00348190 /* AlbumCard.swift */,
				7E494F3A2C240AA000348190 /* MusicCard.swift */,
				7E494F422C257A4700348190 /* EachSongCard.swift */,
				7E494F442C25B5E600348190 /* DetaliLabel.swift */,
			);
			path = Components;
			sourceTree = "<group>";
		};
		7E494F162C2074A700348190 /* Helpers */ = {
			isa = PBXGroup;
			children = (
				7E494F202C2088BC00348190 /* BackgroundColor.swift */,
				7E494F702C2C49F000348190 /* DocumentPickerWrapper.swift */,
			);
			path = Helpers;
			sourceTree = "<group>";
		};
		7E494F182C20757700348190 /* Controllers */ = {
			isa = PBXGroup;
			children = (
				7E494F5B2C25F34B00348190 /* NetworkManager.swift */,
			);
			path = Controllers;
			sourceTree = "<group>";
		};
		7E494F1A2C2075A600348190 /* Models */ = {
			isa = PBXGroup;
			children = (
				7E494F242C208C5E00348190 /* inputTypes.swift */,
				7E494F602C2602B400348190 /* Responses.swift */,
				7E494F6E2C29642200348190 /* DataModels.swift */,
			);
			path = Models;
			sourceTree = "<group>";
		};
		7E494F1B2C2075D300348190 /* Views */ = {
			isa = PBXGroup;
			children = (
				7E494F1D2C207D8400348190 /* Signup */,
				7E494F1C2C207D6200348190 /* Login */,
				7E494F2E2C2174C600348190 /* HomeView.swift */,
				7E494F322C21918E00348190 /* TabBarView.swift */,
				7E494F342C21A35300348190 /* WishlistView.swift */,
				7E494F362C21A3B900348190 /* ProfileView.swift */,
				7E494F382C21A75700348190 /* AddPlaylistView.swift */,
				7E494F3C2C2416D100348190 /* AlbumSongView.swift */,
				7E494F3E2C243A3B00348190 /* AddSongView.swift */,
				7E494F402C2576A600348190 /* EachSongView.swift */,
				7E494F662C26A94000348190 /* RootView.swift */,
			);
			path = Views;
			sourceTree = "<group>";
		};
		7E494F1C2C207D6200348190 /* Login */ = {
			isa = PBXGroup;
			children = (
				7E494F1E2C207DBC00348190 /* LoginView.swift */,
				7E494F2C2C20B74500348190 /* InitialView.swift */,
			);
			path = Login;
			sourceTree = "<group>";
		};
		7E494F1D2C207D8400348190 /* Signup */ = {
			isa = PBXGroup;
			children = (
				7E494F282C20A9E800348190 /* SignupView.swift */,
				7E494F2A2C20B10C00348190 /* PasswordView.swift */,
				7E494F5F2C26015400348190 /* ViewModel */,
			);
			path = Signup;
			sourceTree = "<group>";
		};
		7E494F5F2C26015400348190 /* ViewModel */ = {
			isa = PBXGroup;
			children = (
				7E494F5D2C26012B00348190 /* SignInEmailVM.swift */,
			);
			path = ViewModel;
			sourceTree = "<group>";
		};
/* End PBXGroup section */

/* Begin PBXNativeTarget section */
		7E494F032C20740700348190 /* HealM3 */ = {
			isa = PBXNativeTarget;
			buildConfigurationList = 7E494F122C20740800348190 /* Build configuration list for PBXNativeTarget "HealM3" */;
			buildPhases = (
				7E494F002C20740700348190 /* Sources */,
				7E494F012C20740700348190 /* Frameworks */,
				7E494F022C20740700348190 /* Resources */,
			);
			buildRules = (
			);
			dependencies = (
			);
			name = HealM3;
			packageProductDependencies = (
				7E494F492C25EB8E00348190 /* FirebaseAnalytics */,
				7E494F4B2C25EB8E00348190 /* FirebaseAnalyticsSwift */,
				7E494F4D2C25EB8E00348190 /* FirebaseAuth */,
				7E494F4F2C25EB8E00348190 /* FirebaseDatabase */,
				7E494F512C25EB8E00348190 /* FirebaseDatabaseSwift */,
				7E494F532C25EB8E00348190 /* FirebaseDynamicLinks */,
				7E494F552C25EB8E00348190 /* FirebaseFirestore */,
				7E494F572C25EB8E00348190 /* FirebaseFirestoreSwift */,
				7E494F592C25EB8E00348190 /* FirebaseStorage */,
			);
			productName = HealM3;
			productReference = 7E494F042C20740700348190 /* HealM3.app */;
			productType = "com.apple.product-type.application";
		};
/* End PBXNativeTarget section */

/* Begin PBXProject section */
		7E494EFC2C20740700348190 /* Project object */ = {
			isa = PBXProject;
			attributes = {
				BuildIndependentTargetsInParallel = 1;
				LastSwiftUpdateCheck = 1530;
				LastUpgradeCheck = 1530;
				TargetAttributes = {
					7E494F032C20740700348190 = {
						CreatedOnToolsVersion = 15.3;
					};
				};
			};
			buildConfigurationList = 7E494EFF2C20740700348190 /* Build configuration list for PBXProject "HealM3" */;
			compatibilityVersion = "Xcode 14.0";
			developmentRegion = en;
			hasScannedForEncodings = 0;
			knownRegions = (
				en,
				Base,
			);
			mainGroup = 7E494EFB2C20740700348190;
			packageReferences = (
				7E494F482C25EB8E00348190 /* XCRemoteSwiftPackageReference "firebase-ios-sdk" */,
			);
			productRefGroup = 7E494F052C20740700348190 /* Products */;
			projectDirPath = "";
			projectRoot = "";
			targets = (
				7E494F032C20740700348190 /* HealM3 */,
			);
		};
/* End PBXProject section */

/* Begin PBXResourcesBuildPhase section */
		7E494F022C20740700348190 /* Resources */ = {
			isa = PBXResourcesBuildPhase;
			buildActionMask = 2147483647;
			files = (
				7E494F0F2C20740800348190 /* Preview Assets.xcassets in Resources */,
				7E494F632C2627BA00348190 /* GoogleService-Info.plist in Resources */,
				7E494F0C2C20740800348190 /* Assets.xcassets in Resources */,
			);
			runOnlyForDeploymentPostprocessing = 0;
		};
/* End PBXResourcesBuildPhase section */

/* Begin PBXSourcesBuildPhase section */
		7E494F002C20740700348190 /* Sources */ = {
			isa = PBXSourcesBuildPhase;
			buildActionMask = 2147483647;
			files = (
				7E494F6F2C29642200348190 /* DataModels.swift in Sources */,
				7E494F5C2C25F34B00348190 /* NetworkManager.swift in Sources */,
				7E494F252C208C5E00348190 /* inputTypes.swift in Sources */,
				7E494F352C21A35300348190 /* WishlistView.swift in Sources */,
				7E494F712C2C49F000348190 /* DocumentPickerWrapper.swift in Sources */,
				7E494F312C21845E00348190 /* AlbumCard.swift in Sources */,
				7E494F412C2576A600348190 /* EachSongView.swift in Sources */,
				7E494F332C21918E00348190 /* TabBarView.swift in Sources */,
				7E494F2B2C20B10C00348190 /* PasswordView.swift in Sources */,
				7E494F232C208A4100348190 /* TxtField.swift in Sources */,
				7E494F392C21A75700348190 /* AddPlaylistView.swift in Sources */,
				7E494F3D2C2416D100348190 /* AlbumSongView.swift in Sources */,
				7E494F612C2602B400348190 /* Responses.swift in Sources */,
				7E494F2D2C20B74500348190 /* InitialView.swift in Sources */,
				7E494F372C21A3BA00348190 /* ProfileView.swift in Sources */,
				7E494F432C257A4700348190 /* EachSongCard.swift in Sources */,
				7E494F3F2C243A3B00348190 /* AddSongView.swift in Sources */,
				7E494F1F2C207DBC00348190 /* LoginView.swift in Sources */,
				7E494F2F2C2174C600348190 /* HomeView.swift in Sources */,
				7E494F0A2C20740700348190 /* ContentView.swift in Sources */,
				7E494F292C20A9E800348190 /* SignupView.swift in Sources */,
				7E494F452C25B5E600348190 /* DetaliLabel.swift in Sources */,
				7E494F272C2095AD00348190 /* NavLinks.swift in Sources */,
				7E494F082C20740700348190 /* HealM3App.swift in Sources */,
				7E494F672C26A94100348190 /* RootView.swift in Sources */,
				7E494F3B2C240AA000348190 /* MusicCard.swift in Sources */,
				7E494F5E2C26012B00348190 /* SignInEmailVM.swift in Sources */,
				7E494F212C2088BC00348190 /* BackgroundColor.swift in Sources */,
			);
			runOnlyForDeploymentPostprocessing = 0;
		};
/* End PBXSourcesBuildPhase section */

/* Begin XCBuildConfiguration section */
		7E494F102C20740800348190 /* Debug */ = {
			isa = XCBuildConfiguration;
			buildSettings = {
				ALWAYS_SEARCH_USER_PATHS = NO;
				ASSETCATALOG_COMPILER_GENERATE_SWIFT_ASSET_SYMBOL_EXTENSIONS = YES;
				CLANG_ANALYZER_NONNULL = YES;
				CLANG_ANALYZER_NUMBER_OBJECT_CONVERSION = YES_AGGRESSIVE;
				CLANG_CXX_LANGUAGE_STANDARD = "gnu++20";
				CLANG_ENABLE_MODULES = YES;
				CLANG_ENABLE_OBJC_ARC = YES;
				CLANG_ENABLE_OBJC_WEAK = YES;
				CLANG_WARN_BLOCK_CAPTURE_AUTORELEASING = YES;
				CLANG_WARN_BOOL_CONVERSION = YES;
				CLANG_WARN_COMMA = YES;
				CLANG_WARN_CONSTANT_CONVERSION = YES;
				CLANG_WARN_DEPRECATED_OBJC_IMPLEMENTATIONS = YES;
				CLANG_WARN_DIRECT_OBJC_ISA_USAGE = YES_ERROR;
				CLANG_WARN_DOCUMENTATION_COMMENTS = YES;
				CLANG_WARN_EMPTY_BODY = YES;
				CLANG_WARN_ENUM_CONVERSION = YES;
				CLANG_WARN_INFINITE_RECURSION = YES;
				CLANG_WARN_INT_CONVERSION = YES;
				CLANG_WARN_NON_LITERAL_NULL_CONVERSION = YES;
				CLANG_WARN_OBJC_IMPLICIT_RETAIN_SELF = YES;
				CLANG_WARN_OBJC_LITERAL_CONVERSION = YES;
				CLANG_WARN_OBJC_ROOT_CLASS = YES_ERROR;
				CLANG_WARN_QUOTED_INCLUDE_IN_FRAMEWORK_HEADER = YES;
				CLANG_WARN_RANGE_LOOP_ANALYSIS = YES;
				CLANG_WARN_STRICT_PROTOTYPES = YES;
				CLANG_WARN_SUSPICIOUS_MOVE = YES;
				CLANG_WARN_UNGUARDED_AVAILABILITY = YES_AGGRESSIVE;
				CLANG_WARN_UNREACHABLE_CODE = YES;
				CLANG_WARN__DUPLICATE_METHOD_MATCH = YES;
				COPY_PHASE_STRIP = NO;
				DEBUG_INFORMATION_FORMAT = dwarf;
				ENABLE_STRICT_OBJC_MSGSEND = YES;
				ENABLE_TESTABILITY = YES;
				ENABLE_USER_SCRIPT_SANDBOXING = YES;
				GCC_C_LANGUAGE_STANDARD = gnu17;
				GCC_DYNAMIC_NO_PIC = NO;
				GCC_NO_COMMON_BLOCKS = YES;
				GCC_OPTIMIZATION_LEVEL = 0;
				GCC_PREPROCESSOR_DEFINITIONS = (
					"DEBUG=1",
					"$(inherited)",
				);
				GCC_WARN_64_TO_32_BIT_CONVERSION = YES;
				GCC_WARN_ABOUT_RETURN_TYPE = YES_ERROR;
				GCC_WARN_UNDECLARED_SELECTOR = YES;
				GCC_WARN_UNINITIALIZED_AUTOS = YES_AGGRESSIVE;
				GCC_WARN_UNUSED_FUNCTION = YES;
				GCC_WARN_UNUSED_VARIABLE = YES;
				IPHONEOS_DEPLOYMENT_TARGET = 17.4;
				LOCALIZATION_PREFERS_STRING_CATALOGS = YES;
				MTL_ENABLE_DEBUG_INFO = INCLUDE_SOURCE;
				MTL_FAST_MATH = YES;
				ONLY_ACTIVE_ARCH = YES;
				SDKROOT = iphoneos;
				SWIFT_ACTIVE_COMPILATION_CONDITIONS = "DEBUG $(inherited)";
				SWIFT_OPTIMIZATION_LEVEL = "-Onone";
			};
			name = Debug;
		};
		7E494F112C20740800348190 /* Release */ = {
			isa = XCBuildConfiguration;
			buildSettings = {
				ALWAYS_SEARCH_USER_PATHS = NO;
				ASSETCATALOG_COMPILER_GENERATE_SWIFT_ASSET_SYMBOL_EXTENSIONS = YES;
				CLANG_ANALYZER_NONNULL = YES;
				CLANG_ANALYZER_NUMBER_OBJECT_CONVERSION = YES_AGGRESSIVE;
				CLANG_CXX_LANGUAGE_STANDARD = "gnu++20";
				CLANG_ENABLE_MODULES = YES;
				CLANG_ENABLE_OBJC_ARC = YES;
				CLANG_ENABLE_OBJC_WEAK = YES;
				CLANG_WARN_BLOCK_CAPTURE_AUTORELEASING = YES;
				CLANG_WARN_BOOL_CONVERSION = YES;
				CLANG_WARN_COMMA = YES;
				CLANG_WARN_CONSTANT_CONVERSION = YES;
				CLANG_WARN_DEPRECATED_OBJC_IMPLEMENTATIONS = YES;
				CLANG_WARN_DIRECT_OBJC_ISA_USAGE = YES_ERROR;
				CLANG_WARN_DOCUMENTATION_COMMENTS = YES;
				CLANG_WARN_EMPTY_BODY = YES;
				CLANG_WARN_ENUM_CONVERSION = YES;
				CLANG_WARN_INFINITE_RECURSION = YES;
				CLANG_WARN_INT_CONVERSION = YES;
				CLANG_WARN_NON_LITERAL_NULL_CONVERSION = YES;
				CLANG_WARN_OBJC_IMPLICIT_RETAIN_SELF = YES;
				CLANG_WARN_OBJC_LITERAL_CONVERSION = YES;
				CLANG_WARN_OBJC_ROOT_CLASS = YES_ERROR;
				CLANG_WARN_QUOTED_INCLUDE_IN_FRAMEWORK_HEADER = YES;
				CLANG_WARN_RANGE_LOOP_ANALYSIS = YES;
				CLANG_WARN_STRICT_PROTOTYPES = YES;
				CLANG_WARN_SUSPICIOUS_MOVE = YES;
				CLANG_WARN_UNGUARDED_AVAILABILITY = YES_AGGRESSIVE;
				CLANG_WARN_UNREACHABLE_CODE = YES;
				CLANG_WARN__DUPLICATE_METHOD_MATCH = YES;
				COPY_PHASE_STRIP = NO;
				DEBUG_INFORMATION_FORMAT = "dwarf-with-dsym";
				ENABLE_NS_ASSERTIONS = NO;
				ENABLE_STRICT_OBJC_MSGSEND = YES;
				ENABLE_USER_SCRIPT_SANDBOXING = YES;
				GCC_C_LANGUAGE_STANDARD = gnu17;
				GCC_NO_COMMON_BLOCKS = YES;
				GCC_WARN_64_TO_32_BIT_CONVERSION = YES;
				GCC_WARN_ABOUT_RETURN_TYPE = YES_ERROR;
				GCC_WARN_UNDECLARED_SELECTOR = YES;
				GCC_WARN_UNINITIALIZED_AUTOS = YES_AGGRESSIVE;
				GCC_WARN_UNUSED_FUNCTION = YES;
				GCC_WARN_UNUSED_VARIABLE = YES;
				IPHONEOS_DEPLOYMENT_TARGET = 17.4;
				LOCALIZATION_PREFERS_STRING_CATALOGS = YES;
				MTL_ENABLE_DEBUG_INFO = NO;
				MTL_FAST_MATH = YES;
				SDKROOT = iphoneos;
				SWIFT_COMPILATION_MODE = wholemodule;
				VALIDATE_PRODUCT = YES;
			};
			name = Release;
		};
		7E494F132C20740800348190 /* Debug */ = {
			isa = XCBuildConfiguration;
			buildSettings = {
				ASSETCATALOG_COMPILER_APPICON_NAME = AppIcon;
				ASSETCATALOG_COMPILER_GLOBAL_ACCENT_COLOR_NAME = AccentColor;
				CODE_SIGN_STYLE = Automatic;
				CURRENT_PROJECT_VERSION = 1;
				DEVELOPMENT_ASSET_PATHS = "\"HealM3/Preview Content\"";
				DEVELOPMENT_TEAM = QUM623UT8W;
				ENABLE_PREVIEWS = YES;
				GENERATE_INFOPLIST_FILE = YES;
				INFOPLIST_KEY_UIApplicationSceneManifest_Generation = YES;
				INFOPLIST_KEY_UIApplicationSupportsIndirectInputEvents = YES;
				INFOPLIST_KEY_UILaunchScreen_Generation = YES;
				INFOPLIST_KEY_UISupportedInterfaceOrientations_iPad = "UIInterfaceOrientationPortrait UIInterfaceOrientationPortraitUpsideDown UIInterfaceOrientationLandscapeLeft UIInterfaceOrientationLandscapeRight";
				INFOPLIST_KEY_UISupportedInterfaceOrientations_iPhone = "UIInterfaceOrientationPortrait UIInterfaceOrientationLandscapeLeft UIInterfaceOrientationLandscapeRight";
				LD_RUNPATH_SEARCH_PATHS = (
					"$(inherited)",
					"@executable_path/Frameworks",
				);
				MARKETING_VERSION = 1.0;
				PRODUCT_BUNDLE_IDENTIFIER = com.asitkumar.HealM3;
				PRODUCT_NAME = "$(TARGET_NAME)";
				SWIFT_EMIT_LOC_STRINGS = YES;
				SWIFT_VERSION = 5.0;
				TARGETED_DEVICE_FAMILY = "1,2";
			};
			name = Debug;
		};
		7E494F142C20740800348190 /* Release */ = {
			isa = XCBuildConfiguration;
			buildSettings = {
				ASSETCATALOG_COMPILER_APPICON_NAME = AppIcon;
				ASSETCATALOG_COMPILER_GLOBAL_ACCENT_COLOR_NAME = AccentColor;
				CODE_SIGN_STYLE = Automatic;
				CURRENT_PROJECT_VERSION = 1;
				DEVELOPMENT_ASSET_PATHS = "\"HealM3/Preview Content\"";
				DEVELOPMENT_TEAM = QUM623UT8W;
				ENABLE_PREVIEWS = YES;
				GENERATE_INFOPLIST_FILE = YES;
				INFOPLIST_KEY_UIApplicationSceneManifest_Generation = YES;
				INFOPLIST_KEY_UIApplicationSupportsIndirectInputEvents = YES;
				INFOPLIST_KEY_UILaunchScreen_Generation = YES;
				INFOPLIST_KEY_UISupportedInterfaceOrientations_iPad = "UIInterfaceOrientationPortrait UIInterfaceOrientationPortraitUpsideDown UIInterfaceOrientationLandscapeLeft UIInterfaceOrientationLandscapeRight";
				INFOPLIST_KEY_UISupportedInterfaceOrientations_iPhone = "UIInterfaceOrientationPortrait UIInterfaceOrientationLandscapeLeft UIInterfaceOrientationLandscapeRight";
				LD_RUNPATH_SEARCH_PATHS = (
					"$(inherited)",
					"@executable_path/Frameworks",
				);
				MARKETING_VERSION = 1.0;
				PRODUCT_BUNDLE_IDENTIFIER = com.asitkumar.HealM3;
				PRODUCT_NAME = "$(TARGET_NAME)";
				SWIFT_EMIT_LOC_STRINGS = YES;
				SWIFT_VERSION = 5.0;
				TARGETED_DEVICE_FAMILY = "1,2";
			};
			name = Release;
		};
/* End XCBuildConfiguration section */

/* Begin XCConfigurationList section */
		7E494EFF2C20740700348190 /* Build configuration list for PBXProject "HealM3" */ = {
			isa = XCConfigurationList;
			buildConfigurations = (
				7E494F102C20740800348190 /* Debug */,
				7E494F112C20740800348190 /* Release */,
			);
			defaultConfigurationIsVisible = 0;
			defaultConfigurationName = Release;
		};
		7E494F122C20740800348190 /* Build configuration list for PBXNativeTarget "HealM3" */ = {
			isa = XCConfigurationList;
			buildConfigurations = (
				7E494F132C20740800348190 /* Debug */,
				7E494F142C20740800348190 /* Release */,
			);
			defaultConfigurationIsVisible = 0;
			defaultConfigurationName = Release;
		};
/* End XCConfigurationList section */

/* Begin XCRemoteSwiftPackageReference section */
		7E494F482C25EB8E00348190 /* XCRemoteSwiftPackageReference "firebase-ios-sdk" */ = {
			isa = XCRemoteSwiftPackageReference;
			repositoryURL = "https://github.com/firebase/firebase-ios-sdk";
			requirement = {
				kind = upToNextMajorVersion;
				minimumVersion = 10.28.0;
			};
		};
/* End XCRemoteSwiftPackageReference section */

/* Begin XCSwiftPackageProductDependency section */
		7E494F492C25EB8E00348190 /* FirebaseAnalytics */ = {
			isa = XCSwiftPackageProductDependency;
			package = 7E494F482C25EB8E00348190 /* XCRemoteSwiftPackageReference "firebase-ios-sdk" */;
			productName = FirebaseAnalytics;
		};
		7E494F4B2C25EB8E00348190 /* FirebaseAnalyticsSwift */ = {
			isa = XCSwiftPackageProductDependency;
			package = 7E494F482C25EB8E00348190 /* XCRemoteSwiftPackageReference "firebase-ios-sdk" */;
			productName = FirebaseAnalyticsSwift;
		};
		7E494F4D2C25EB8E00348190 /* FirebaseAuth */ = {
			isa = XCSwiftPackageProductDependency;
			package = 7E494F482C25EB8E00348190 /* XCRemoteSwiftPackageReference "firebase-ios-sdk" */;
			productName = FirebaseAuth;
		};
		7E494F4F2C25EB8E00348190 /* FirebaseDatabase */ = {
			isa = XCSwiftPackageProductDependency;
			package = 7E494F482C25EB8E00348190 /* XCRemoteSwiftPackageReference "firebase-ios-sdk" */;
			productName = FirebaseDatabase;
		};
		7E494F512C25EB8E00348190 /* FirebaseDatabaseSwift */ = {
			isa = XCSwiftPackageProductDependency;
			package = 7E494F482C25EB8E00348190 /* XCRemoteSwiftPackageReference "firebase-ios-sdk" */;
			productName = FirebaseDatabaseSwift;
		};
		7E494F532C25EB8E00348190 /* FirebaseDynamicLinks */ = {
			isa = XCSwiftPackageProductDependency;
			package = 7E494F482C25EB8E00348190 /* XCRemoteSwiftPackageReference "firebase-ios-sdk" */;
			productName = FirebaseDynamicLinks;
		};
		7E494F552C25EB8E00348190 /* FirebaseFirestore */ = {
			isa = XCSwiftPackageProductDependency;
			package = 7E494F482C25EB8E00348190 /* XCRemoteSwiftPackageReference "firebase-ios-sdk" */;
			productName = FirebaseFirestore;
		};
		7E494F572C25EB8E00348190 /* FirebaseFirestoreSwift */ = {
			isa = XCSwiftPackageProductDependency;
			package = 7E494F482C25EB8E00348190 /* XCRemoteSwiftPackageReference "firebase-ios-sdk" */;
			productName = FirebaseFirestoreSwift;
		};
		7E494F592C25EB8E00348190 /* FirebaseStorage */ = {
			isa = XCSwiftPackageProductDependency;
			package = 7E494F482C25EB8E00348190 /* XCRemoteSwiftPackageReference "firebase-ios-sdk" */;
			productName = FirebaseStorage;
		};
/* End XCSwiftPackageProductDependency section */
	};
	rootObject = 7E494EFC2C20740700348190 /* Project object */;
}
